# THIS IS AN AUTOGENERATED FILE. DO NOT EDIT THIS FILE DIRECTLY.
config/settings_data.json:
  development: 2018-06-04T22:43:20+07:00   8330baa1e45868da82b9d0621cbc7837
config/settings_schema.json:
  development: 2018-05-27T08:31:46+07:00   77c8a9bf5d8f31ae135842779351a540
layout/json.liquid:
  development: 2018-05-31T23:11:11+07:00   a67570dc4d4328bd67d471d03c687091
layout/ssr.json.liquid:
  development: 2018-06-04T22:27:44+07:00   aca5a00d4236c8730b633e00c77c7b25
layout/theme-vue.liquid:
  development: 2018-06-04T18:53:17+07:00   a105b36640daf5b4ca8823f80a050faf
layout/theme.liquid:
  development: 2018-06-04T22:42:41+07:00   49ff6c1f3efb22baf26a904fd5798647
locales/de.json:
  development: 2018-05-19T02:38:37+07:00   dc97bee332ae1e252873ab58c05ce12d
locales/en.default.json:
  development: 2018-05-19T02:38:29+07:00   188c19913d28b62200feef504f6aa4f7
locales/es.json:
  development: 2018-05-19T02:38:34+07:00   68d07649c7b96d78cb9a637e0c18a130
locales/fr.json:
  development: 2018-05-19T02:38:41+07:00   64d2ecbe655d77eb32b13a25319f3041
locales/pt-BR.json:
  development: 2018-05-19T02:38:40+07:00   5f87efbfcbbca083ac928761668c1f9e
locales/pt-PT.json:
  development: 2018-05-19T02:38:28+07:00   b15e499464532d3c134396d6aeb76429
sections/collections-reviews.liquid:
  development: 2018-05-19T03:00:01+07:00   7a8269890c19982ce12ad3a7c34126be
sections/collections-sidebar.liquid:
  development: 2018-05-29T22:19:10+07:00   0e14c7f4bcaed1f279c76ef31bc7883b
sections/test.liquid:
  development: 2018-05-08T10:25:31+07:00   191ea17f1b880e66110e9252aadd2719
snippets/bk-tracking.liquid:
  development: 2018-01-10T00:03:58-08:00   4a8cb04a9ddb1af03c8be03d976a03c9
snippets/collection-sidebar.liquid:
  development: 2018-05-08T10:25:32+07:00   cab2eacb3418ea178f27792d5f8a2394
snippets/collection-sorting.liquid:
  development: 2018-05-08T10:25:32+07:00   d369d2d4697110800946220909e8ecf8
snippets/comment.liquid:
  development: 2018-05-08T10:25:32+07:00   c766e42be8a74e05533d0e5a0e3a9ce3
snippets/featured-collection.liquid:
  development: 2018-05-08T10:25:32+07:00   9d1be2ae988bfffbd2fa5b2a465339ac
snippets/featured-row-fifth.liquid:
  development: 2018-05-08T10:25:32+07:00   e7c57d08f1df3fa070fa51a1d1727abf
snippets/fifth_product_disposition_home.liquid:
  development: 2018-05-08T10:25:32+07:00   406c19dde4c825435a9cc15c2036683e
snippets/first_product_disposition_home.liquid:
  development: 2018-05-08T10:25:32+07:00   4bde8db83aeeccd5b854578084934cad
snippets/fourth_product_disposition_home.liquid:
  development: 2018-05-08T10:25:32+07:00   b7d7814361ceba4cb2cc4659b8d4194a
snippets/header_strip.liquid:
  development: 2018-05-08T10:25:32+07:00   fe961af8efbedc310a8136f9d176a181
snippets/hero.liquid:
  development: 2018-05-08T10:25:32+07:00   e5a12f5e241ee97c5ab78bc8af3e57fc
snippets/home-featured-collections.liquid:
  development: 2018-05-08T10:25:32+07:00   921a60ddd10c6338cd27542ecaf172b8
snippets/home_product.liquid:
  development: 2018-05-08T10:25:32+07:00   edd1a2bf5c5e4bee4c305f5a8d594d66
snippets/home_video.liquid:
  development: 2018-05-08T10:25:32+07:00   a2644df80a5fc15af4d01aa03bab953d
snippets/jquery_css_counter-stockbar.liquid:
  development: 2018-05-08T10:25:32+07:00   1bff603397d3ae2942728433c5288b1d
snippets/main-products.liquid:
  development: 2018-05-08T10:25:32+07:00   008ced29b49cc29cc3ae4580b336270a
snippets/mega_menu_desktop.liquid:
  development: 2018-05-08T10:25:32+07:00   245a31ee25f7578f0cd49df31c540a21
snippets/mega_menu_mobile.liquid:
  development: 2018-05-08T10:25:32+07:00   ba85775fe535ac4ab469b8b99489a4ba
snippets/nav_desktop.liquid:
  development: 2018-05-08T10:25:33+07:00   e264bfefd3af3fbb03cc36b58992ff71
snippets/nav_mobile.liquid:
  development: 2018-05-08T10:25:33+07:00   e8e2b6d8820edc86905ebf6c364a681a
snippets/new_flex.liquid:
  development: 2018-05-08T10:25:33+07:00   0fa35dbe620afb7f67000b328edda2bd
snippets/new_footer.liquid:
  development: 2018-05-08T10:25:33+07:00   e308646cac0a0601bedb7dab86331492
snippets/oldIE-js.liquid:
  development: 2018-05-08T10:25:33+07:00   1197cc7109944206a600ed5caaef6a6f
snippets/prices.liquid:
  development: 2018-05-08T10:25:33+07:00   d89636827857f896e521748849935f78
snippets/product-count.liquid:
  development: 2018-05-08T10:25:33+07:00   4a17c51e17ba5e5b4a75d267e15620e0
snippets/product-count2.liquid:
  development: 2018-05-08T10:25:33+07:00   ff23c14e4adaa7c47f18372f9ecac6f4
snippets/product-grid-collage.liquid:
  development: 2018-05-08T10:25:33+07:00   5820205221fb0d11107ada3c3c2dc877
snippets/product-grid-item-new.liquid:
  development: 2018-05-08T10:25:33+07:00   ca32a31b81de669f13defc511cc2bb9c
snippets/product-grid-item.liquid:
  development: 2018-05-08T10:25:33+07:00   e6f87b3c3d2ead8134b7bc0562a60939
snippets/product-item-json.liquid:
  development: 2018-05-08T10:25:33+07:00   2c6d69decf6eaf6f1a6aba1b0872792f
snippets/product_count_2.liquid:
  development: 2018-05-08T10:25:33+07:00   bd5507016989efe19540cb3e0fbdfac6
snippets/product_count_24.liquid:
  development: 2018-05-08T10:25:33+07:00   3bd75aedba963121235a6f000a7e40ba
snippets/product_count_24m.liquid:
  development: 2018-05-08T10:25:33+07:00   ed8bd8f21fb71851aa1aeb746f017ab7
snippets/product_count_random.liquid:
  development: 2018-05-08T10:25:33+07:00   659f2980a66468650db3c8a25a8646b6
snippets/product_image.liquid:
  development: 2018-05-08T10:25:33+07:00   fdeedc103055abba671f66fc9d9d24b6
snippets/related-products.liquid:
  development: 2018-05-08T10:25:33+07:00   377530cba985eec3cc5eff29761511f3
snippets/respond.liquid:
  development: 2018-05-08T10:25:33+07:00   ca6abf0635dc2ad8c6bd377f83c79f6b
snippets/search-bar.liquid:
  development: 2018-05-08T10:25:34+07:00   733af687725a8174f1348c58f0d5a3e4
snippets/second_product_disposition_home.liquid:
  development: 2018-05-08T10:25:34+07:00   4b97cf8453aae79dedd7485d11af4dd3
snippets/social-meta-tags.liquid:
  development: 2018-05-08T10:25:34+07:00   ef6288075194b6ec77ca70179cdf2836
snippets/social-sharing.liquid:
  development: 2018-05-08T10:25:34+07:00   c4c04630d92f3c6f947076de1a893ad7
snippets/someone_purchase.liquid:
  development: 2018-05-08T10:25:34+07:00   39f9d5a09178c6fda6dd64f9119783dd
snippets/someone_purchase_backup.liquid:
  development: 2018-05-08T10:25:34+07:00   348eaf6dff258ca5ccff7abf5e03c36f
snippets/tags-article.liquid:
  development: 2018-05-08T10:25:34+07:00   ce4dd4c7cbc35163aa5216cfc73d7941
snippets/theme-state-menu.liquid:
  development: 2018-05-12T00:19:23+07:00   839e5bdcd7722a30dcc3767facebd6e2
snippets/theme-state-object.json.liquid:
  development: 2018-05-31T23:52:06+07:00   9a20e4d12e1a6264bc94acb42be27b45
snippets/theme-state.liquid:
  development: 2018-05-31T23:52:44+07:00   19e9492316b31326ef262869bc7c53e0
snippets/third_product_disposition_home.liquid:
  development: 2018-05-08T10:25:34+07:00   6ace66d83cff597cd6583f9b7e94f486
snippets/timer-and-stockbar.liquid:
  development: 2018-05-08T10:25:34+07:00   dda7f98b57c13a87afdb95996226ae8b
templates/404.liquid:
  development: 2018-05-08T10:25:34+07:00   44a6b0129de575e7085a047bc2096a76
templates/article.liquid:
  development: 2018-05-31T18:36:08+07:00   555aaa65c54aaa9049be011e40bd9c12
templates/blog.liquid:
  development: 2018-05-31T18:36:36+07:00   555aaa65c54aaa9049be011e40bd9c12
templates/cart.liquid:
  development: 2018-05-31T18:36:37+07:00   e51d984f3b46c79efe9cb44b034fba86
templates/collection.json.liquid:
  development: 2018-05-25T19:13:05+07:00   5ef99a096363bced76cd66c1824caac7
templates/collection.liquid:
  development: 2018-05-31T18:36:47+07:00   3a8973ad0b24b9bf376880e72d514670
templates/customers/account.liquid:
  development: 2018-05-08T10:25:34+07:00   1d5a9966e01bc7e01aa17f03b15c0c85
templates/customers/activate_account.liquid:
  development: 2018-05-08T10:25:35+07:00   d92bfce42f05a75de2f61cb6ba433e69
templates/customers/addresses.liquid:
  development: 2018-05-08T10:25:35+07:00   c843575f5983bee69f50ab2737d49ccb
templates/customers/login.liquid:
  development: 2018-05-08T10:25:35+07:00   154908475a3d6f7a325221eb2781f72a
templates/customers/order.liquid:
  development: 2018-05-08T10:25:35+07:00   cf3f67c7eddcb60e598c803acada9529
templates/customers/register.liquid:
  development: 2018-05-08T10:25:35+07:00   77a294477ea2d6de5861f583e2a05051
templates/customers/reset_password.liquid:
  development: 2018-05-08T10:25:35+07:00   66ba7b680ca26b2eba0f162d4122d94c
templates/gift_card.liquid:
  development: 2018-05-08T10:25:35+07:00   c1ae0f8232e003fac57213d1353e513c
templates/index.json.liquid:
  development: 2018-06-04T22:26:47+07:00   b870bf5d13ec131456eb95f2ad8af159
templates/index.liquid:
  development: 2018-05-31T18:36:56+07:00   b64659b518ce3e494448bd96638c2ee4
templates/list-collections.liquid:
  development: 2018-05-31T18:37:20+07:00   555aaa65c54aaa9049be011e40bd9c12
templates/page.liquid:
  development: 2018-05-31T18:37:40+07:00   a389d174705596ec1218040b25ea4b52
templates/page.menu.json.liquid:
  development: 2018-05-31T23:53:55+07:00   0ddd23dbaa4519b574cdfeeac6eddf46
templates/product.item-json.liquid:
  development: 2018-05-08T10:25:35+07:00   4bfd665f2483f27d28f5dd7c86b3d957
templates/product.json.liquid:
  development: 2018-05-19T03:00:02+07:00   1a300db27d564dad84a54dc0f40085db
templates/product.liquid:
  development: 2018-05-31T18:37:56+07:00   a7369f5432f202dbe297b52a28c59298
templates/search.json.liquid:
  development: 2018-05-27T07:24:14+07:00   12aa77029c22f171a6700cd9d3e88d39
templates/search.liquid:
  development: 2018-05-31T18:38:06+07:00   555aaa65c54aaa9049be011e40bd9c12
